
Microsoft Visual Studio Solution File, Format Version 12.00
# Visual Studio Version 17
VisualStudioVersion = 17.5.2.0
MinimumVisualStudioVersion = 10.0.40219.1
Project("{2150E333-8FDC-42A3-9474-1A3956D46DE8}") = "src", "src", "{827E0CD3-B72D-47B6-A68D-7590B98EB39B}"
EndProject
Project("{FAE04EC0-301F-11D3-BF4B-00C04F79EFBC}") = "FlowApprove.Api", "src\FlowApprove.Api\FlowApprove.Api.csproj", "{E65BF32E-BEFF-BE82-4001-EA0BE3AEE822}"
EndProject
Project("{FAE04EC0-301F-11D3-BF4B-00C04F79EFBC}") = "FlowApprove.Service", "src\FlowApprove.Service\FlowApprove.Service.csproj", "{1CF11D53-5F62-46B6-BA44-E8138B1AADD1}"
EndProject
Project("{FAE04EC0-301F-11D3-BF4B-00C04F79EFBC}") = "FlowApprove.Shared", "src\FlowApprove.Shared\FlowApprove.Shared.csproj", "{0D7C26DE-5E4C-4A8D-B132-17A2E501019B}"
EndProject
Project("{FAE04EC0-301F-11D3-BF4B-00C04F79EFBC}") = "FlowApprove.Repository", "src\FlowApprove.Repository\FlowApprove.Repository.csproj", "{2011577F-4A45-442B-8F83-8BBE740E8CE4}"
EndProject
Global
	GlobalSection(SolutionConfigurationPlatforms) = preSolution
		Debug|Any CPU = Debug|Any CPU
		Debug|x64 = Debug|x64
		Debug|x86 = Debug|x86
		Release|Any CPU = Release|Any CPU
		Release|x64 = Release|x64
		Release|x86 = Release|x86
	EndGlobalSection
	GlobalSection(ProjectConfigurationPlatforms) = postSolution
		{E65BF32E-BEFF-BE82-4001-EA0BE3AEE822}.Debug|Any CPU.ActiveCfg = Debug|Any CPU
		{E65BF32E-BEFF-BE82-4001-EA0BE3AEE822}.Debug|Any CPU.Build.0 = Debug|Any CPU
		{E65BF32E-BEFF-BE82-4001-EA0BE3AEE822}.Debug|x64.ActiveCfg = Debug|Any CPU
		{E65BF32E-BEFF-BE82-4001-EA0BE3AEE822}.Debug|x64.Build.0 = Debug|Any CPU
		{E65BF32E-BEFF-BE82-4001-EA0BE3AEE822}.Debug|x86.ActiveCfg = Debug|Any CPU
		{E65BF32E-BEFF-BE82-4001-EA0BE3AEE822}.Debug|x86.Build.0 = Debug|Any CPU
		{E65BF32E-BEFF-BE82-4001-EA0BE3AEE822}.Release|Any CPU.ActiveCfg = Release|Any CPU
		{E65BF32E-BEFF-BE82-4001-EA0BE3AEE822}.Release|Any CPU.Build.0 = Release|Any CPU
		{E65BF32E-BEFF-BE82-4001-EA0BE3AEE822}.Release|x64.ActiveCfg = Release|Any CPU
		{E65BF32E-BEFF-BE82-4001-EA0BE3AEE822}.Release|x64.Build.0 = Release|Any CPU
		{E65BF32E-BEFF-BE82-4001-EA0BE3AEE822}.Release|x86.ActiveCfg = Release|Any CPU
		{E65BF32E-BEFF-BE82-4001-EA0BE3AEE822}.Release|x86.Build.0 = Release|Any CPU
		{1CF11D53-5F62-46B6-BA44-E8138B1AADD1}.Debug|Any CPU.ActiveCfg = Debug|Any CPU
		{1CF11D53-5F62-46B6-BA44-E8138B1AADD1}.Debug|Any CPU.Build.0 = Debug|Any CPU
		{1CF11D53-5F62-46B6-BA44-E8138B1AADD1}.Debug|x64.ActiveCfg = Debug|Any CPU
		{1CF11D53-5F62-46B6-BA44-E8138B1AADD1}.Debug|x64.Build.0 = Debug|Any CPU
		{1CF11D53-5F62-46B6-BA44-E8138B1AADD1}.Debug|x86.ActiveCfg = Debug|Any CPU
		{1CF11D53-5F62-46B6-BA44-E8138B1AADD1}.Debug|x86.Build.0 = Debug|Any CPU
		{1CF11D53-5F62-46B6-BA44-E8138B1AADD1}.Release|Any CPU.ActiveCfg = Release|Any CPU
		{1CF11D53-5F62-46B6-BA44-E8138B1AADD1}.Release|Any CPU.Build.0 = Release|Any CPU
		{1CF11D53-5F62-46B6-BA44-E8138B1AADD1}.Release|x64.ActiveCfg = Release|Any CPU
		{1CF11D53-5F62-46B6-BA44-E8138B1AADD1}.Release|x64.Build.0 = Release|Any CPU
		{1CF11D53-5F62-46B6-BA44-E8138B1AADD1}.Release|x86.ActiveCfg = Release|Any CPU
		{1CF11D53-5F62-46B6-BA44-E8138B1AADD1}.Release|x86.Build.0 = Release|Any CPU
		{0D7C26DE-5E4C-4A8D-B132-17A2E501019B}.Debug|Any CPU.ActiveCfg = Debug|Any CPU
		{0D7C26DE-5E4C-4A8D-B132-17A2E501019B}.Debug|Any CPU.Build.0 = Debug|Any CPU
		{0D7C26DE-5E4C-4A8D-B132-17A2E501019B}.Debug|x64.ActiveCfg = Debug|Any CPU
		{0D7C26DE-5E4C-4A8D-B132-17A2E501019B}.Debug|x64.Build.0 = Debug|Any CPU
		{0D7C26DE-5E4C-4A8D-B132-17A2E501019B}.Debug|x86.ActiveCfg = Debug|Any CPU
		{0D7C26DE-5E4C-4A8D-B132-17A2E501019B}.Debug|x86.Build.0 = Debug|Any CPU
		{0D7C26DE-5E4C-4A8D-B132-17A2E501019B}.Release|Any CPU.ActiveCfg = Release|Any CPU
		{0D7C26DE-5E4C-4A8D-B132-17A2E501019B}.Release|Any CPU.Build.0 = Release|Any CPU
		{0D7C26DE-5E4C-4A8D-B132-17A2E501019B}.Release|x64.ActiveCfg = Release|Any CPU
		{0D7C26DE-5E4C-4A8D-B132-17A2E501019B}.Release|x64.Build.0 = Release|Any CPU
		{0D7C26DE-5E4C-4A8D-B132-17A2E501019B}.Release|x86.ActiveCfg = Release|Any CPU
		{0D7C26DE-5E4C-4A8D-B132-17A2E501019B}.Release|x86.Build.0 = Release|Any CPU
		{2011577F-4A45-442B-8F83-8BBE740E8CE4}.Debug|Any CPU.ActiveCfg = Debug|Any CPU
		{2011577F-4A45-442B-8F83-8BBE740E8CE4}.Debug|Any CPU.Build.0 = Debug|Any CPU
		{2011577F-4A45-442B-8F83-8BBE740E8CE4}.Debug|x64.ActiveCfg = Debug|Any CPU
		{2011577F-4A45-442B-8F83-8BBE740E8CE4}.Debug|x64.Build.0 = Debug|Any CPU
		{2011577F-4A45-442B-8F83-8BBE740E8CE4}.Debug|x86.ActiveCfg = Debug|Any CPU
		{2011577F-4A45-442B-8F83-8BBE740E8CE4}.Debug|x86.Build.0 = Debug|Any CPU
		{2011577F-4A45-442B-8F83-8BBE740E8CE4}.Release|Any CPU.ActiveCfg = Release|Any CPU
		{2011577F-4A45-442B-8F83-8BBE740E8CE4}.Release|Any CPU.Build.0 = Release|Any CPU
		{2011577F-4A45-442B-8F83-8BBE740E8CE4}.Release|x64.ActiveCfg = Release|Any CPU
		{2011577F-4A45-442B-8F83-8BBE740E8CE4}.Release|x64.Build.0 = Release|Any CPU
		{2011577F-4A45-442B-8F83-8BBE740E8CE4}.Release|x86.ActiveCfg = Release|Any CPU
		{2011577F-4A45-442B-8F83-8BBE740E8CE4}.Release|x86.Build.0 = Release|Any CPU
	EndGlobalSection
	GlobalSection(SolutionProperties) = preSolution
		HideSolutionNode = FALSE
	EndGlobalSection
	GlobalSection(NestedProjects) = preSolution
		{E65BF32E-BEFF-BE82-4001-EA0BE3AEE822} = {827E0CD3-B72D-47B6-A68D-7590B98EB39B}
		{1CF11D53-5F62-46B6-BA44-E8138B1AADD1} = {827E0CD3-B72D-47B6-A68D-7590B98EB39B}
		{0D7C26DE-5E4C-4A8D-B132-17A2E501019B} = {827E0CD3-B72D-47B6-A68D-7590B98EB39B}
		{2011577F-4A45-442B-8F83-8BBE740E8CE4} = {827E0CD3-B72D-47B6-A68D-7590B98EB39B}
	EndGlobalSection
	GlobalSection(ExtensibilityGlobals) = postSolution
		SolutionGuid = {9447B153-F9FA-4BFE-95F6-D92D1C3AD345}
	EndGlobalSection
EndGlobal
